
Microsoft Visual Studio Solution File, Format Version 12.00
# Visual Studio Version 17
VisualStudioVersion = 17.8.34316.72
MinimumVisualStudioVersion = 10.0.40219.1
Project("{FAE04EC0-301F-11D3-BF4B-00C04F79EFBC}") = "C#Assignment", "C#Assignment.csproj", "{DA1085A3-0C8D-499F-9224-45C0366A3250}"
EndProject
Global
	GlobalSection(SolutionConfigurationPlatforms) = preSolution
		Debug|Any CPU = Debug|Any CPU
		Release|Any CPU = Release|Any CPU
	EndGlobalSection
	GlobalSection(ProjectConfigurationPlatforms) = postSolution
		{DA1085A3-0C8D-499F-9224-45C0366A3250}.Debug|Any CPU.ActiveCfg = Debug|Any CPU
		{DA1085A3-0C8D-499F-9224-45C0366A3250}.Debug|Any CPU.Build.0 = Debug|Any CPU
		{DA1085A3-0C8D-499F-9224-45C0366A3250}.Release|Any CPU.ActiveCfg = Release|Any CPU
		{DA1085A3-0C8D-499F-9224-45C0366A3250}.Release|Any CPU.Build.0 = Release|Any CPU
	EndGlobalSection
	GlobalSection(SolutionProperties) = preSolution
		HideSolutionNode = FALSE
	EndGlobalSection
	GlobalSection(ExtensibilityGlobals) = postSolution
		SolutionGuid = {3D3E59C2-0A10-4180-9AFA-01A035866BEC}
	EndGlobalSection
EndGlobal
